
Microsoft Visual Studio Solution File, Format Version 12.00
# Visual Studio Version 16
VisualStudioVersion = 16.0.32510.428
MinimumVisualStudioVersion = 10.0.40219.1
Project("{FAE04EC0-301F-11D3-BF4B-00C04F79EFBC}") = "OpenSilverTabContent", "OpenSilverTabContent\OpenSilverTabContent\OpenSilverTabContent.csproj", "{BD10290C-9726-4F18-A6FC-CCC93725DBE8}"
EndProject
Project("{FAE04EC0-301F-11D3-BF4B-00C04F79EFBC}") = "OpenSilverTabContent.Browser", "OpenSilverTabContent\OpenSilverTabContent.Browser\OpenSilverTabContent.Browser.csproj", "{B6D18980-59C7-497B-B9B6-E093AAC7C1B7}"
EndProject
Project("{FAE04EC0-301F-11D3-BF4B-00C04F79EFBC}") = "OpenSilverTabContent.Simulator", "OpenSilverTabContent\OpenSilverTabContent.Simulator\OpenSilverTabContent.Simulator.csproj", "{F37DCBF7-E799-466C-A5C6-0F68064D5827}"
EndProject
Global
	GlobalSection(SolutionConfigurationPlatforms) = preSolution
		Debug|Any CPU = Debug|Any CPU
		Release|Any CPU = Release|Any CPU
	EndGlobalSection
	GlobalSection(ProjectConfigurationPlatforms) = postSolution
		{BD10290C-9726-4F18-A6FC-CCC93725DBE8}.Debug|Any CPU.ActiveCfg = Debug|Any CPU
		{BD10290C-9726-4F18-A6FC-CCC93725DBE8}.Debug|Any CPU.Build.0 = Debug|Any CPU
		{BD10290C-9726-4F18-A6FC-CCC93725DBE8}.Release|Any CPU.ActiveCfg = Release|Any CPU
		{BD10290C-9726-4F18-A6FC-CCC93725DBE8}.Release|Any CPU.Build.0 = Release|Any CPU
		{B6D18980-59C7-497B-B9B6-E093AAC7C1B7}.Debug|Any CPU.ActiveCfg = Debug|Any CPU
		{B6D18980-59C7-497B-B9B6-E093AAC7C1B7}.Debug|Any CPU.Build.0 = Debug|Any CPU
		{B6D18980-59C7-497B-B9B6-E093AAC7C1B7}.Release|Any CPU.ActiveCfg = Release|Any CPU
		{B6D18980-59C7-497B-B9B6-E093AAC7C1B7}.Release|Any CPU.Build.0 = Release|Any CPU
		{F37DCBF7-E799-466C-A5C6-0F68064D5827}.Debug|Any CPU.ActiveCfg = Debug|Any CPU
		{F37DCBF7-E799-466C-A5C6-0F68064D5827}.Debug|Any CPU.Build.0 = Debug|Any CPU
		{F37DCBF7-E799-466C-A5C6-0F68064D5827}.Release|Any CPU.ActiveCfg = Release|Any CPU
		{F37DCBF7-E799-466C-A5C6-0F68064D5827}.Release|Any CPU.Build.0 = Release|Any CPU
	EndGlobalSection
	GlobalSection(SolutionProperties) = preSolution
		HideSolutionNode = FALSE
	EndGlobalSection
	GlobalSection(ExtensibilityGlobals) = postSolution
		SolutionGuid = {A3BB39CE-22BC-4248-8905-6DFE4F42D922}
	EndGlobalSection
EndGlobal
